
Microsoft Visual Studio Solution File, Format Version 12.00
# Visual Studio Version 17
VisualStudioVersion = 17.3.32929.385
MinimumVisualStudioVersion = 10.0.40219.1
Project("{FAE04EC0-301F-11D3-BF4B-00C04F79EFBC}") = "Agency", "Agency\Agency.csproj", "{D2C824C5-F2F6-4BC2-8D9A-59E19D60CE03}"
EndProject
Global
	GlobalSection(SolutionConfigurationPlatforms) = preSolution
		Debug|Any CPU = Debug|Any CPU
		Release|Any CPU = Release|Any CPU
	EndGlobalSection
	GlobalSection(ProjectConfigurationPlatforms) = postSolution
		{D2C824C5-F2F6-4BC2-8D9A-59E19D60CE03}.Debug|Any CPU.ActiveCfg = Debug|Any CPU
		{D2C824C5-F2F6-4BC2-8D9A-59E19D60CE03}.Debug|Any CPU.Build.0 = Debug|Any CPU
		{D2C824C5-F2F6-4BC2-8D9A-59E19D60CE03}.Release|Any CPU.ActiveCfg = Release|Any CPU
		{D2C824C5-F2F6-4BC2-8D9A-59E19D60CE03}.Release|Any CPU.Build.0 = Release|Any CPU
	EndGlobalSection
	GlobalSection(SolutionProperties) = preSolution
		HideSolutionNode = FALSE
	EndGlobalSection
	GlobalSection(ExtensibilityGlobals) = postSolution
		SolutionGuid = {7D57DD52-0C27-446E-88B4-090C7E8D0CC1}
	EndGlobalSection
EndGlobal
